
Microsoft Visual Studio Solution File, Format Version 12.00
# Visual Studio Version 17
VisualStudioVersion = 17.3.32901.215
MinimumVisualStudioVersion = 10.0.40219.1
Project("{9A19103F-16F7-4668-BE54-9A1E7A4F7556}") = "AbsolutelyBarkingAgilityTracking", "AbsolutelyBarkingAgilityTracking.csproj", "{64FF47D9-5247-45CB-882C-A6B2A9BB69E4}"
EndProject
Global
	GlobalSection(SolutionConfigurationPlatforms) = preSolution
		Debug|Any CPU = Debug|Any CPU
		Release|Any CPU = Release|Any CPU
	EndGlobalSection
	GlobalSection(ProjectConfigurationPlatforms) = postSolution
		{64FF47D9-5247-45CB-882C-A6B2A9BB69E4}.Debug|Any CPU.ActiveCfg = Debug|Any CPU
		{64FF47D9-5247-45CB-882C-A6B2A9BB69E4}.Debug|Any CPU.Build.0 = Debug|Any CPU
		{64FF47D9-5247-45CB-882C-A6B2A9BB69E4}.Release|Any CPU.ActiveCfg = Release|Any CPU
		{64FF47D9-5247-45CB-882C-A6B2A9BB69E4}.Release|Any CPU.Build.0 = Release|Any CPU
	EndGlobalSection
	GlobalSection(SolutionProperties) = preSolution
		HideSolutionNode = FALSE
	EndGlobalSection
	GlobalSection(ExtensibilityGlobals) = postSolution
		SolutionGuid = {DCAFA870-36C7-40BA-85CD-33B9B8D03CCE}
	EndGlobalSection
EndGlobal
